dependencies:
- name: accounts
  repository: file://../accounts/accounts-chart
  version: 1.0.0
- name: cash
  repository: file://../cash/cash-chart
  version: 1.0.0
- name: front
  repository: file://../front/front-chart
  version: 1.0.0
- name: gateway
  repository: file://../gateway/gateway-chart
  version: 1.0.0
- name: notifications
  repository: file://../notifications/notifications-chart
  version: 1.0.0
- name: transfer
  repository: file://../transfer/transfer-chart
  version: 1.0.0
digest: sha256:4bb9f07e354d7156a2290360929c57379d3f6cf472da3ce7a8c30a0312059cd5
generated: "2026-05-20T10:55:27.7505958+03:00"
